
Microsoft Visual Studio Solution File, Format Version 12.00
# Visual Studio Version 17
VisualStudioVersion = 17.10.35004.147
MinimumVisualStudioVersion = 10.0.40219.1
Project("{2150E333-8FDC-42A3-9474-1A3956D46DE8}") = "MedicalAppointments.Frontend", "MedicalAppointments.Frontend", "{70387C35-C789-4E00-94F7-D89F2412409D}"
EndProject
Project("{2150E333-8FDC-42A3-9474-1A3956D46DE8}") = "MedicalAppointments.Backend", "MedicalAppointments.Backend", "{21CD2BEA-88B4-4F7A-B233-9A62ABC040C2}"
EndProject
Project("{FAE04EC0-301F-11D3-BF4B-00C04F79EFBC}") = "MedicalAppointment.Api", "MedicalAppointment.Api\MedicalAppointment.Api.csproj", "{E15B82D4-726D-4F0A-8491-337EB3C5074E}"
EndProject
Project("{54A90642-561A-4BB1-A94E-469ADEE60C69}") = "medicalappointments.spa", "MedicalAppointments.SPA\medicalappointments.spa.esproj", "{FD1EABF5-D463-4DE3-9FD7-23BECC994585}"
EndProject
Global
	GlobalSection(SolutionConfigurationPlatforms) = preSolution
		Debug|Any CPU = Debug|Any CPU
		Release|Any CPU = Release|Any CPU
	EndGlobalSection
	GlobalSection(ProjectConfigurationPlatforms) = postSolution
		{E15B82D4-726D-4F0A-8491-337EB3C5074E}.Debug|Any CPU.ActiveCfg = Debug|Any CPU
		{E15B82D4-726D-4F0A-8491-337EB3C5074E}.Debug|Any CPU.Build.0 = Debug|Any CPU
		{E15B82D4-726D-4F0A-8491-337EB3C5074E}.Release|Any CPU.ActiveCfg = Release|Any CPU
		{E15B82D4-726D-4F0A-8491-337EB3C5074E}.Release|Any CPU.Build.0 = Release|Any CPU
		{FD1EABF5-D463-4DE3-9FD7-23BECC994585}.Debug|Any CPU.ActiveCfg = Debug|Any CPU
		{FD1EABF5-D463-4DE3-9FD7-23BECC994585}.Debug|Any CPU.Build.0 = Debug|Any CPU
		{FD1EABF5-D463-4DE3-9FD7-23BECC994585}.Debug|Any CPU.Deploy.0 = Debug|Any CPU
		{FD1EABF5-D463-4DE3-9FD7-23BECC994585}.Release|Any CPU.ActiveCfg = Release|Any CPU
		{FD1EABF5-D463-4DE3-9FD7-23BECC994585}.Release|Any CPU.Build.0 = Release|Any CPU
		{FD1EABF5-D463-4DE3-9FD7-23BECC994585}.Release|Any CPU.Deploy.0 = Release|Any CPU
	EndGlobalSection
	GlobalSection(SolutionProperties) = preSolution
		HideSolutionNode = FALSE
	EndGlobalSection
	GlobalSection(NestedProjects) = preSolution
		{E15B82D4-726D-4F0A-8491-337EB3C5074E} = {21CD2BEA-88B4-4F7A-B233-9A62ABC040C2}
		{FD1EABF5-D463-4DE3-9FD7-23BECC994585} = {70387C35-C789-4E00-94F7-D89F2412409D}
	EndGlobalSection
	GlobalSection(ExtensibilityGlobals) = postSolution
		SolutionGuid = {51FE39B8-8734-4707-8122-49F5262B1F51}
	EndGlobalSection
EndGlobal
