
Microsoft Visual Studio Solution File, Format Version 12.00
# Visual Studio Version 17
VisualStudioVersion = 17.10.35004.147
MinimumVisualStudioVersion = 10.0.40219.1
Project("{2150E333-8FDC-42A3-9474-1A3956D46DE8}") = "MedicalAppointment.Backend", "MedicalAppointment.Backend", "{D856497C-CCE4-4C98-9A9C-9DF934D50BC5}"
EndProject
Project("{9A19103F-16F7-4668-BE54-9A1E7A4F7556}") = "MedicalAppointment.Api", "MedicalAppointment.Api\MedicalAppointment.Api.csproj", "{1161B2C7-0778-4843-AE09-57995706829E}"
EndProject
Project("{9A19103F-16F7-4668-BE54-9A1E7A4F7556}") = "MedicalAppointment.Shared", "MedicalAppointment.Shared\MedicalAppointment.Shared.csproj", "{130AC31A-0991-499A-85F3-C18320965209}"
EndProject
Project("{9A19103F-16F7-4668-BE54-9A1E7A4F7556}") = "MedicalAppointment.Turnos", "MedicalAppointment.Turnos\MedicalAppointment.Turnos.csproj", "{4823D13E-874A-4750-8879-EBA526D105B9}"
EndProject
Global
	GlobalSection(SolutionConfigurationPlatforms) = preSolution
		Debug|Any CPU = Debug|Any CPU
		Release|Any CPU = Release|Any CPU
	EndGlobalSection
	GlobalSection(ProjectConfigurationPlatforms) = postSolution
		{1161B2C7-0778-4843-AE09-57995706829E}.Debug|Any CPU.ActiveCfg = Debug|Any CPU
		{1161B2C7-0778-4843-AE09-57995706829E}.Debug|Any CPU.Build.0 = Debug|Any CPU
		{1161B2C7-0778-4843-AE09-57995706829E}.Release|Any CPU.ActiveCfg = Release|Any CPU
		{1161B2C7-0778-4843-AE09-57995706829E}.Release|Any CPU.Build.0 = Release|Any CPU
		{130AC31A-0991-499A-85F3-C18320965209}.Debug|Any CPU.ActiveCfg = Debug|Any CPU
		{130AC31A-0991-499A-85F3-C18320965209}.Debug|Any CPU.Build.0 = Debug|Any CPU
		{130AC31A-0991-499A-85F3-C18320965209}.Release|Any CPU.ActiveCfg = Release|Any CPU
		{130AC31A-0991-499A-85F3-C18320965209}.Release|Any CPU.Build.0 = Release|Any CPU
		{4823D13E-874A-4750-8879-EBA526D105B9}.Debug|Any CPU.ActiveCfg = Debug|Any CPU
		{4823D13E-874A-4750-8879-EBA526D105B9}.Debug|Any CPU.Build.0 = Debug|Any CPU
		{4823D13E-874A-4750-8879-EBA526D105B9}.Release|Any CPU.ActiveCfg = Release|Any CPU
		{4823D13E-874A-4750-8879-EBA526D105B9}.Release|Any CPU.Build.0 = Release|Any CPU
	EndGlobalSection
	GlobalSection(SolutionProperties) = preSolution
		HideSolutionNode = FALSE
	EndGlobalSection
	GlobalSection(NestedProjects) = preSolution
		{1161B2C7-0778-4843-AE09-57995706829E} = {D856497C-CCE4-4C98-9A9C-9DF934D50BC5}
		{130AC31A-0991-499A-85F3-C18320965209} = {D856497C-CCE4-4C98-9A9C-9DF934D50BC5}
		{4823D13E-874A-4750-8879-EBA526D105B9} = {D856497C-CCE4-4C98-9A9C-9DF934D50BC5}
	EndGlobalSection
	GlobalSection(ExtensibilityGlobals) = postSolution
		SolutionGuid = {8620190B-5885-4089-B0EA-738D23435116}
	EndGlobalSection
EndGlobal
